
Microsoft Visual Studio Solution File, Format Version 12.00
# Visual Studio Version 16
VisualStudioVersion = 16.0.30717.126
MinimumVisualStudioVersion = 10.0.40219.1
Project("{FAE04EC0-301F-11D3-BF4B-00C04F79EFBC}") = "CinemaProject", "CinemaProject\CinemaProject.csproj", "{B148DB65-B024-41B4-8BEA-F7E316BFDCAA}"
EndProject
Global
	GlobalSection(SolutionConfigurationPlatforms) = preSolution
		Debug|Any CPU = Debug|Any CPU
		Release|Any CPU = Release|Any CPU
	EndGlobalSection
	GlobalSection(ProjectConfigurationPlatforms) = postSolution
		{B148DB65-B024-41B4-8BEA-F7E316BFDCAA}.Debug|Any CPU.ActiveCfg = Debug|Any CPU
		{B148DB65-B024-41B4-8BEA-F7E316BFDCAA}.Debug|Any CPU.Build.0 = Debug|Any CPU
		{B148DB65-B024-41B4-8BEA-F7E316BFDCAA}.Release|Any CPU.ActiveCfg = Release|Any CPU
		{B148DB65-B024-41B4-8BEA-F7E316BFDCAA}.Release|Any CPU.Build.0 = Release|Any CPU
	EndGlobalSection
	GlobalSection(SolutionProperties) = preSolution
		HideSolutionNode = FALSE
	EndGlobalSection
	GlobalSection(ExtensibilityGlobals) = postSolution
		SolutionGuid = {060EE278-82BB-41BB-84AF-3822758BFC1B}
	EndGlobalSection
EndGlobal
